// !$*UTF8*$!
{
	archiveVersion = 1;
	classes = {
	};
	objectVersion = 46;
	objects = {

/* Begin PBXBuildFile section */
		04DB127B1DD2152300D8DA8E /* UpdateProfileViewController.swift in Sources */ = {isa = PBXBuildFile; fileRef = 04DB127A1DD2152300D8DA8E /* UpdateProfileViewController.swift */; };
		082240381DCC334000E131D9 /* AppDelegate.swift in Sources */ = {isa = PBXBuildFile; fileRef = 0822402B1DCC334000E131D9 /* AppDelegate.swift */; };
		0822403A1DCC334000E131D9 /* Assets.xcassets in Resources */ = {isa = PBXBuildFile; fileRef = 082240301DCC334000E131D9 /* Assets.xcassets */; };
		0822403B1DCC334000E131D9 /* LaunchScreen.storyboard in Resources */ = {isa = PBXBuildFile; fileRef = 082240321DCC334000E131D9 /* LaunchScreen.storyboard */; };
		0822403C1DCC334000E131D9 /* Main.storyboard in Resources */ = {isa = PBXBuildFile; fileRef = 082240341DCC334000E131D9 /* Main.storyboard */; };
		0822403E1DCC38E200E131D9 /* LoginViewController.swift in Sources */ = {isa = PBXBuildFile; fileRef = 0822403D1DCC38E200E131D9 /* LoginViewController.swift */; };
		082240401DCC392000E131D9 /* RegisterViewController.swift in Sources */ = {isa = PBXBuildFile; fileRef = 0822403F1DCC392000E131D9 /* RegisterViewController.swift */; };
		08D8DB6C1DD17E5D0024AA27 /* UserProfile.swift in Sources */ = {isa = PBXBuildFile; fileRef = 08D8DB691DD17E5D0024AA27 /* UserProfile.swift */; };
		08D8DB6D1DD17E5D0024AA27 /* HomeTableViewCell.swift in Sources */ = {isa = PBXBuildFile; fileRef = 08D8DB6A1DD17E5D0024AA27 /* HomeTableViewCell.swift */; };
		08D8DB6E1DD17E5D0024AA27 /* HomeTableViewCell.xib in Resources */ = {isa = PBXBuildFile; fileRef = 08D8DB6B1DD17E5D0024AA27 /* HomeTableViewCell.xib */; };
		141F333D1DD46A7B00CC4C56 /* demo.jpg in Resources */ = {isa = PBXBuildFile; fileRef = 141F333C1DD46A7B00CC4C56 /* demo.jpg */; };
		14403EEF1DD2C74C00EA546A /* UpdateProfileService.swift in Sources */ = {isa = PBXBuildFile; fileRef = 14403EEE1DD2C74C00EA546A /* UpdateProfileService.swift */; };
		144B19031DD2DCF10085C1B3 /* WordListViewController.swift in Sources */ = {isa = PBXBuildFile; fileRef = 144B19021DD2DCF10085C1B3 /* WordListViewController.swift */; };
		144B19051DD3054A0085C1B3 /* Test.swift in Sources */ = {isa = PBXBuildFile; fileRef = 144B19041DD3054A0085C1B3 /* Test.swift */; };
		145402481DD403C900B7F919 /* WordListService.swift in Sources */ = {isa = PBXBuildFile; fileRef = 145402471DD403C900B7F919 /* WordListService.swift */; };
		1454024A1DD403D900B7F919 /* Word.swift in Sources */ = {isa = PBXBuildFile; fileRef = 145402491DD403D900B7F919 /* Word.swift */; };
		14680AC81DD027C900686780 /* LoginService.swift in Sources */ = {isa = PBXBuildFile; fileRef = 14680AC71DD027C900686780 /* LoginService.swift */; };
		90C7079EA8BFA01C8C98F0FF /* Pods_E_LearningSystem.framework in Frameworks */ = {isa = PBXBuildFile; fileRef = 65E3E9A2BE215B7B04984907 /* Pods_E_LearningSystem.framework */; };
/* End PBXBuildFile section */

/* Begin PBXFileReference section */
		04DB127A1DD2152300D8DA8E /* UpdateProfileViewController.swift */ = {isa = PBXFileReference; fileEncoding = 4; lastKnownFileType = sourcecode.swift; path = UpdateProfileViewController.swift; sourceTree = "<group>"; };
		081DEFCA1DC974960063677D /* E-LearningSystem.app */ = {isa = PBXFileReference; explicitFileType = wrapper.application; includeInIndex = 0; path = "E-LearningSystem.app"; sourceTree = BUILT_PRODUCTS_DIR; };
		081DEFD91DC974960063677D /* Info.plist */ = {isa = PBXFileReference; lastKnownFileType = text.plist.xml; path = Info.plist; sourceTree = "<group>"; };
		0822402B1DCC334000E131D9 /* AppDelegate.swift */ = {isa = PBXFileReference; fileEncoding = 4; lastKnownFileType = sourcecode.swift; path = AppDelegate.swift; sourceTree = "<group>"; };
		082240301DCC334000E131D9 /* Assets.xcassets */ = {isa = PBXFileReference; lastKnownFileType = folder.assetcatalog; path = Assets.xcassets; sourceTree = "<group>"; };
		082240331DCC334000E131D9 /* Base */ = {isa = PBXFileReference; lastKnownFileType = file.storyboard; name = Base; path = Base.lproj/LaunchScreen.storyboard; sourceTree = "<group>"; };
		082240351DCC334000E131D9 /* Base */ = {isa = PBXFileReference; lastKnownFileType = file.storyboard; name = Base; path = Base.lproj/Main.storyboard; sourceTree = "<group>"; };
		0822403D1DCC38E200E131D9 /* LoginViewController.swift */ = {isa = PBXFileReference; fileEncoding = 4; lastKnownFileType = sourcecode.swift; path = LoginViewController.swift; sourceTree = "<group>"; };
		0822403F1DCC392000E131D9 /* RegisterViewController.swift */ = {isa = PBXFileReference; fileEncoding = 4; lastKnownFileType = sourcecode.swift; path = RegisterViewController.swift; sourceTree = "<group>"; };
		08D8DB691DD17E5D0024AA27 /* UserProfile.swift */ = {isa = PBXFileReference; fileEncoding = 4; lastKnownFileType = sourcecode.swift; path = UserProfile.swift; sourceTree = "<group>"; };
		08D8DB6A1DD17E5D0024AA27 /* HomeTableViewCell.swift */ = {isa = PBXFileReference; fileEncoding = 4; lastKnownFileType = sourcecode.swift; path = HomeTableViewCell.swift; sourceTree = "<group>"; };
		08D8DB6B1DD17E5D0024AA27 /* HomeTableViewCell.xib */ = {isa = PBXFileReference; fileEncoding = 4; lastKnownFileType = file.xib; path = HomeTableViewCell.xib; sourceTree = "<group>"; };
		141F333C1DD46A7B00CC4C56 /* demo.jpg */ = {isa = PBXFileReference; lastKnownFileType = image.jpeg; path = demo.jpg; sourceTree = "<group>"; };
		14403EEE1DD2C74C00EA546A /* UpdateProfileService.swift */ = {isa = PBXFileReference; fileEncoding = 4; lastKnownFileType = sourcecode.swift; path = UpdateProfileService.swift; sourceTree = "<group>"; };
		144B19021DD2DCF10085C1B3 /* WordListViewController.swift */ = {isa = PBXFileReference; fileEncoding = 4; lastKnownFileType = sourcecode.swift; name = WordListViewController.swift; path = "E-LearningSystem/Controllers/WordListViewController.swift"; sourceTree = SOURCE_ROOT; };
		144B19041DD3054A0085C1B3 /* Test.swift */ = {isa = PBXFileReference; fileEncoding = 4; lastKnownFileType = sourcecode.swift; name = Test.swift; path = "E-LearningSystem/Controllers/Test.swift"; sourceTree = SOURCE_ROOT; };
		145402471DD403C900B7F919 /* WordListService.swift */ = {isa = PBXFileReference; fileEncoding = 4; lastKnownFileType = sourcecode.swift; path = WordListService.swift; sourceTree = "<group>"; };
		145402491DD403D900B7F919 /* Word.swift */ = {isa = PBXFileReference; fileEncoding = 4; lastKnownFileType = sourcecode.swift; name = Word.swift; path = "E-LearningSystem/APIService/Word.swift"; sourceTree = SOURCE_ROOT; };
		1454024B1DD4475D00B7F919 /* E-LearningSystem.entitlements */ = {isa = PBXFileReference; lastKnownFileType = text.plist.entitlements; path = "E-LearningSystem.entitlements"; sourceTree = "<group>"; };
		14680AC71DD027C900686780 /* LoginService.swift */ = {isa = PBXFileReference; fileEncoding = 4; lastKnownFileType = sourcecode.swift; path = LoginService.swift; sourceTree = "<group>"; };
		65E3E9A2BE215B7B04984907 /* Pods_E_LearningSystem.framework */ = {isa = PBXFileReference; explicitFileType = wrapper.framework; includeInIndex = 0; path = Pods_E_LearningSystem.framework; sourceTree = BUILT_PRODUCTS_DIR; };
		6D299D636811CAE7BC7C716E /* Pods-E-LearningSystem.debug.xcconfig */ = {isa = PBXFileReference; includeInIndex = 1; lastKnownFileType = text.xcconfig; name = "Pods-E-LearningSystem.debug.xcconfig"; path = "Pods/Target Support Files/Pods-E-LearningSystem/Pods-E-LearningSystem.debug.xcconfig"; sourceTree = "<group>"; };
		9A60E76A9AB7351C7289852A /* Pods-E-LearningSystem.release.xcconfig */ = {isa = PBXFileReference; includeInIndex = 1; lastKnownFileType = text.xcconfig; name = "Pods-E-LearningSystem.release.xcconfig"; path = "Pods/Target Support Files/Pods-E-LearningSystem/Pods-E-LearningSystem.release.xcconfig"; sourceTree = "<group>"; };
/* End PBXFileReference section */

/* Begin PBXFrameworksBuildPhase section */
		081DEFC71DC974960063677D /* Frameworks */ = {
			isa = PBXFrameworksBuildPhase;
			buildActionMask = 2147483647;
			files = (
				90C7079EA8BFA01C8C98F0FF /* Pods_E_LearningSystem.framework in Frameworks */,
			);
			runOnlyForDeploymentPostprocessing = 0;
		};
/* End PBXFrameworksBuildPhase section */

/* Begin PBXGroup section */
		081DEFC11DC974960063677D = {
			isa = PBXGroup;
			children = (
				081DEFCC1DC974960063677D /* E-LearningSystem */,
				081DEFCB1DC974960063677D /* Products */,
				F970AB28544A83FEC6771653 /* Pods */,
				1C38225A9CD1BCFE58C6D2E2 /* Frameworks */,
			);
			sourceTree = "<group>";
		};
		081DEFCB1DC974960063677D /* Products */ = {
			isa = PBXGroup;
			children = (
				081DEFCA1DC974960063677D /* E-LearningSystem.app */,
			);
			name = Products;
			sourceTree = "<group>";
		};
		081DEFCC1DC974960063677D /* E-LearningSystem */ = {
			isa = PBXGroup;
			children = (
				1454024B1DD4475D00B7F919 /* E-LearningSystem.entitlements */,
				08D8DB681DD17E460024AA27 /* Views */,
				14680AC61DD027B300686780 /* APIService */,
				0822402A1DCC334000E131D9 /* AppDelegate */,
				0822402C1DCC334000E131D9 /* Controllers */,
				0822402E1DCC334000E131D9 /* Models */,
				0822402F1DCC334000E131D9 /* Resources */,
				082240311DCC334000E131D9 /* Storyboards */,
				081DEFD91DC974960063677D /* Info.plist */,
			);
			path = "E-LearningSystem";
			sourceTree = "<group>";
		};
		0822402A1DCC334000E131D9 /* AppDelegate */ = {
			isa = PBXGroup;
			children = (
				0822402B1DCC334000E131D9 /* AppDelegate.swift */,
			);
			path = AppDelegate;
			sourceTree = "<group>";
		};
		0822402C1DCC334000E131D9 /* Controllers */ = {
			isa = PBXGroup;
			children = (
				0822403F1DCC392000E131D9 /* RegisterViewController.swift */,
				0822403D1DCC38E200E131D9 /* LoginViewController.swift */,
				04DB127A1DD2152300D8DA8E /* UpdateProfileViewController.swift */,
			);
			path = Controllers;
			sourceTree = "<group>";
		};
		0822402E1DCC334000E131D9 /* Models */ = {
			isa = PBXGroup;
			children = (
				144B19041DD3054A0085C1B3 /* Test.swift */,
				145402491DD403D900B7F919 /* Word.swift */,
			);
			path = Models;
			sourceTree = "<group>";
		};
		0822402F1DCC334000E131D9 /* Resources */ = {
			isa = PBXGroup;
			children = (
				082240301DCC334000E131D9 /* Assets.xcassets */,
			);
			path = Resources;
			sourceTree = "<group>";
		};
		082240311DCC334000E131D9 /* Storyboards */ = {
			isa = PBXGroup;
			children = (
				082240321DCC334000E131D9 /* LaunchScreen.storyboard */,
				082240341DCC334000E131D9 /* Main.storyboard */,
				141F333C1DD46A7B00CC4C56 /* demo.jpg */,
				144B19021DD2DCF10085C1B3 /* WordListViewController.swift */,
			);
			path = Storyboards;
			sourceTree = "<group>";
		};
		08D8DB681DD17E460024AA27 /* Views */ = {
			isa = PBXGroup;
			children = (
				08D8DB691DD17E5D0024AA27 /* UserProfile.swift */,
				08D8DB6A1DD17E5D0024AA27 /* HomeTableViewCell.swift */,
				08D8DB6B1DD17E5D0024AA27 /* HomeTableViewCell.xib */,
			);
			path = Views;
			sourceTree = "<group>";
		};
		14680AC61DD027B300686780 /* APIService */ = {
			isa = PBXGroup;
			children = (
				14680AC71DD027C900686780 /* LoginService.swift */,
				14403EEE1DD2C74C00EA546A /* UpdateProfileService.swift */,
				145402471DD403C900B7F919 /* WordListService.swift */,
			);
			path = APIService;
			sourceTree = "<group>";
		};
		1C38225A9CD1BCFE58C6D2E2 /* Frameworks */ = {
			isa = PBXGroup;
			children = (
				65E3E9A2BE215B7B04984907 /* Pods_E_LearningSystem.framework */,
			);
			name = Frameworks;
			sourceTree = "<group>";
		};
		F970AB28544A83FEC6771653 /* Pods */ = {
			isa = PBXGroup;
			children = (
				6D299D636811CAE7BC7C716E /* Pods-E-LearningSystem.debug.xcconfig */,
				9A60E76A9AB7351C7289852A /* Pods-E-LearningSystem.release.xcconfig */,
			);
			name = Pods;
			sourceTree = "<group>";
		};
/* End PBXGroup section */

/* Begin PBXNativeTarget section */
		081DEFC91DC974960063677D /* E-LearningSystem */ = {
			isa = PBXNativeTarget;
			buildConfigurationList = 081DEFDC1DC974960063677D /* Build configuration list for PBXNativeTarget "E-LearningSystem" */;
			buildPhases = (
				276E09A2F770ACE4E4A40328 /* [CP] Check Pods Manifest.lock */,
				081DEFC61DC974960063677D /* Sources */,
				081DEFC71DC974960063677D /* Frameworks */,
				081DEFC81DC974960063677D /* Resources */,
				081DEFDF1DC974CE0063677D /* ShellScript */,
				BCF012B85DF81336C57368D4 /* [CP] Embed Pods Frameworks */,
				D660E3F663E51EFE144E1474 /* [CP] Copy Pods Resources */,
			);
			buildRules = (
			);
			dependencies = (
			);
			name = "E-LearningSystem";
			productName = "E-LearningSystem";
			productReference = 081DEFCA1DC974960063677D /* E-LearningSystem.app */;
			productType = "com.apple.product-type.application";
		};
/* End PBXNativeTarget section */

/* Begin PBXProject section */
		081DEFC21DC974960063677D /* Project object */ = {
			isa = PBXProject;
			attributes = {
				LastSwiftUpdateCheck = 0810;
				LastUpgradeCheck = 0810;
				ORGANIZATIONNAME = "Ngo Sy Truong";
				TargetAttributes = {
					081DEFC91DC974960063677D = {
						CreatedOnToolsVersion = 8.1;
						DevelopmentTeam = 5K84G7UAYU;
						LastSwiftMigration = 0810;
						ProvisioningStyle = Automatic;
						SystemCapabilities = {
							com.apple.Keychain = {
								enabled = 1;
							};
						};
					};
				};
			};
			buildConfigurationList = 081DEFC51DC974960063677D /* Build configuration list for PBXProject "E-LearningSystem" */;
			compatibilityVersion = "Xcode 3.2";
			developmentRegion = English;
			hasScannedForEncodings = 0;
			knownRegions = (
				en,
				Base,
			);
			mainGroup = 081DEFC11DC974960063677D;
			productRefGroup = 081DEFCB1DC974960063677D /* Products */;
			projectDirPath = "";
			projectRoot = "";
			targets = (
				081DEFC91DC974960063677D /* E-LearningSystem */,
			);
		};
/* End PBXProject section */

/* Begin PBXResourcesBuildPhase section */
		081DEFC81DC974960063677D /* Resources */ = {
			isa = PBXResourcesBuildPhase;
			buildActionMask = 2147483647;
			files = (
				0822403C1DCC334000E131D9 /* Main.storyboard in Resources */,
				141F333D1DD46A7B00CC4C56 /* demo.jpg in Resources */,
				0822403A1DCC334000E131D9 /* Assets.xcassets in Resources */,
				08D8DB6E1DD17E5D0024AA27 /* HomeTableViewCell.xib in Resources */,
				0822403B1DCC334000E131D9 /* LaunchScreen.storyboard in Resources */,
			);
			runOnlyForDeploymentPostprocessing = 0;
		};
/* End PBXResourcesBuildPhase section */

/* Begin PBXShellScriptBuildPhase section */
		081DEFDF1DC974CE0063677D /* ShellScript */ = {
			isa = PBXShellScriptBuildPhase;
			buildActionMask = 2147483647;
			files = (
			);
			inputPaths = (
			);
			outputPaths = (
			);
			runOnlyForDeploymentPostprocessing = 0;
			shellPath = /bin/sh;
			shellScript = "if which swiftlint >/dev/null; then\nswiftlint\nelse\necho \"warning: SwiftLint not installed, download from https://github.com/realm/SwiftLint\"\nfi";
		};
		276E09A2F770ACE4E4A40328 /* [CP] Check Pods Manifest.lock */ = {
			isa = PBXShellScriptBuildPhase;
			buildActionMask = 2147483647;
			files = (
			);
			inputPaths = (
			);
			name = "[CP] Check Pods Manifest.lock";
			outputPaths = (
			);
			runOnlyForDeploymentPostprocessing = 0;
			shellPath = /bin/sh;
			shellScript = "diff \"${PODS_ROOT}/../Podfile.lock\" \"${PODS_ROOT}/Manifest.lock\" > /dev/null\nif [[ $? != 0 ]] ; then\n    cat << EOM\nerror: The sandbox is not in sync with the Podfile.lock. Run 'pod install' or update your CocoaPods installation.\nEOM\n    exit 1\nfi\n";
			showEnvVarsInLog = 0;
		};
		BCF012B85DF81336C57368D4 /* [CP] Embed Pods Frameworks */ = {
			isa = PBXShellScriptBuildPhase;
			buildActionMask = 2147483647;
			files = (
			);
			inputPaths = (
			);
			name = "[CP] Embed Pods Frameworks";
			outputPaths = (
			);
			runOnlyForDeploymentPostprocessing = 0;
			shellPath = /bin/sh;
			shellScript = "\"${SRCROOT}/Pods/Target Support Files/Pods-E-LearningSystem/Pods-E-LearningSystem-frameworks.sh\"\n";
			showEnvVarsInLog = 0;
		};
		D660E3F663E51EFE144E1474 /* [CP] Copy Pods Resources */ = {
			isa = PBXShellScriptBuildPhase;
			buildActionMask = 2147483647;
			files = (
			);
			inputPaths = (
			);
			name = "[CP] Copy Pods Resources";
			outputPaths = (
			);
			runOnlyForDeploymentPostprocessing = 0;
			shellPath = /bin/sh;
			shellScript = "\"${SRCROOT}/Pods/Target Support Files/Pods-E-LearningSystem/Pods-E-LearningSystem-resources.sh\"\n";
			showEnvVarsInLog = 0;
		};
/* End PBXShellScriptBuildPhase section */

/* Begin PBXSourcesBuildPhase section */
		081DEFC61DC974960063677D /* Sources */ = {
			isa = PBXSourcesBuildPhase;
			buildActionMask = 2147483647;
			files = (
				08D8DB6D1DD17E5D0024AA27 /* HomeTableViewCell.swift in Sources */,
				0822403E1DCC38E200E131D9 /* LoginViewController.swift in Sources */,
				144B19031DD2DCF10085C1B3 /* WordListViewController.swift in Sources */,
				14403EEF1DD2C74C00EA546A /* UpdateProfileService.swift in Sources */,
				145402481DD403C900B7F919 /* WordListService.swift in Sources */,
				1454024A1DD403D900B7F919 /* Word.swift in Sources */,
				082240381DCC334000E131D9 /* AppDelegate.swift in Sources */,
				08D8DB6C1DD17E5D0024AA27 /* UserProfile.swift in Sources */,
				04DB127B1DD2152300D8DA8E /* UpdateProfileViewController.swift in Sources */,
				144B19051DD3054A0085C1B3 /* Test.swift in Sources */,
				082240401DCC392000E131D9 /* RegisterViewController.swift in Sources */,
				14680AC81DD027C900686780 /* LoginService.swift in Sources */,
			);
			runOnlyForDeploymentPostprocessing = 0;
		};
/* End PBXSourcesBuildPhase section */

/* Begin PBXVariantGroup section */
		082240321DCC334000E131D9 /* LaunchScreen.storyboard */ = {
			isa = PBXVariantGroup;
			children = (
				082240331DCC334000E131D9 /* Base */,
			);
			name = LaunchScreen.storyboard;
			sourceTree = "<group>";
		};
		082240341DCC334000E131D9 /* Main.storyboard */ = {
			isa = PBXVariantGroup;
			children = (
				082240351DCC334000E131D9 /* Base */,
			);
			name = Main.storyboard;
			sourceTree = "<group>";
		};
/* End PBXVariantGroup section */

/* Begin XCBuildConfiguration section */
		081DEFDA1DC974960063677D /* Debug */ = {
			isa = XCBuildConfiguration;
			buildSettings = {
				ALWAYS_SEARCH_USER_PATHS = NO;
				CLANG_ANALYZER_NONNULL = YES;
				CLANG_CXX_LANGUAGE_STANDARD = "gnu++0x";
				CLANG_CXX_LIBRARY = "libc++";
				CLANG_ENABLE_MODULES = YES;
				CLANG_ENABLE_OBJC_ARC = YES;
				CLANG_WARN_BOOL_CONVERSION = YES;
				CLANG_WARN_CONSTANT_CONVERSION = YES;
				CLANG_WARN_DIRECT_OBJC_ISA_USAGE = YES_ERROR;
				CLANG_WARN_DOCUMENTATION_COMMENTS = YES;
				CLANG_WARN_EMPTY_BODY = YES;
				CLANG_WARN_ENUM_CONVERSION = YES;
				CLANG_WARN_INFINITE_RECURSION = YES;
				CLANG_WARN_INT_CONVERSION = YES;
				CLANG_WARN_OBJC_ROOT_CLASS = YES_ERROR;
				CLANG_WARN_SUSPICIOUS_MOVE = YES;
				CLANG_WARN_SUSPICIOUS_MOVES = YES;
				CLANG_WARN_UNREACHABLE_CODE = YES;
				CLANG_WARN__DUPLICATE_METHOD_MATCH = YES;
				"CODE_SIGN_IDENTITY[sdk=iphoneos*]" = "iPhone Developer";
				COPY_PHASE_STRIP = NO;
				DEBUG_INFORMATION_FORMAT = dwarf;
				ENABLE_STRICT_OBJC_MSGSEND = YES;
				ENABLE_TESTABILITY = YES;
				GCC_C_LANGUAGE_STANDARD = gnu99;
				GCC_DYNAMIC_NO_PIC = NO;
				GCC_NO_COMMON_BLOCKS = YES;
				GCC_OPTIMIZATION_LEVEL = 0;
				GCC_PREPROCESSOR_DEFINITIONS = (
					"DEBUG=1",
					"$(inherited)",
				);
				GCC_WARN_64_TO_32_BIT_CONVERSION = YES;
				GCC_WARN_ABOUT_RETURN_TYPE = YES_ERROR;
				GCC_WARN_UNDECLARED_SELECTOR = YES;
				GCC_WARN_UNINITIALIZED_AUTOS = YES_AGGRESSIVE;
				GCC_WARN_UNUSED_FUNCTION = YES;
				GCC_WARN_UNUSED_VARIABLE = YES;
				IPHONEOS_DEPLOYMENT_TARGET = 10.1;
				MTL_ENABLE_DEBUG_INFO = YES;
				ONLY_ACTIVE_ARCH = YES;
				SDKROOT = iphoneos;
				SWIFT_ACTIVE_COMPILATION_CONDITIONS = DEBUG;
				SWIFT_OPTIMIZATION_LEVEL = "-Onone";
				SWIFT_VERSION = 2.3;
			};
			name = Debug;
		};
		081DEFDB1DC974960063677D /* Release */ = {
			isa = XCBuildConfiguration;
			buildSettings = {
				ALWAYS_SEARCH_USER_PATHS = NO;
				CLANG_ANALYZER_NONNULL = YES;
				CLANG_CXX_LANGUAGE_STANDARD = "gnu++0x";
				CLANG_CXX_LIBRARY = "libc++";
				CLANG_ENABLE_MODULES = YES;
				CLANG_ENABLE_OBJC_ARC = YES;
				CLANG_WARN_BOOL_CONVERSION = YES;
				CLANG_WARN_CONSTANT_CONVERSION = YES;
				CLANG_WARN_DIRECT_OBJC_ISA_USAGE = YES_ERROR;
				CLANG_WARN_DOCUMENTATION_COMMENTS = YES;
				CLANG_WARN_EMPTY_BODY = YES;
				CLANG_WARN_ENUM_CONVERSION = YES;
				CLANG_WARN_INFINITE_RECURSION = YES;
				CLANG_WARN_INT_CONVERSION = YES;
				CLANG_WARN_OBJC_ROOT_CLASS = YES_ERROR;
				CLANG_WARN_SUSPICIOUS_MOVE = YES;
				CLANG_WARN_SUSPICIOUS_MOVES = YES;
				CLANG_WARN_UNREACHABLE_CODE = YES;
				CLANG_WARN__DUPLICATE_METHOD_MATCH = YES;
				"CODE_SIGN_IDENTITY[sdk=iphoneos*]" = "iPhone Developer";
				COPY_PHASE_STRIP = NO;
				DEBUG_INFORMATION_FORMAT = "dwarf-with-dsym";
				ENABLE_NS_ASSERTIONS = NO;
				ENABLE_STRICT_OBJC_MSGSEND = YES;
				GCC_C_LANGUAGE_STANDARD = gnu99;
				GCC_NO_COMMON_BLOCKS = YES;
				GCC_WARN_64_TO_32_BIT_CONVERSION = YES;
				GCC_WARN_ABOUT_RETURN_TYPE = YES_ERROR;
				GCC_WARN_UNDECLARED_SELECTOR = YES;
				GCC_WARN_UNINITIALIZED_AUTOS = YES_AGGRESSIVE;
				GCC_WARN_UNUSED_FUNCTION = YES;
				GCC_WARN_UNUSED_VARIABLE = YES;
				IPHONEOS_DEPLOYMENT_TARGET = 10.1;
				MTL_ENABLE_DEBUG_INFO = NO;
				SDKROOT = iphoneos;
				SWIFT_OPTIMIZATION_LEVEL = "-Owholemodule";
				SWIFT_VERSION = 2.3;
				VALIDATE_PRODUCT = YES;
			};
			name = Release;
		};
		081DEFDD1DC974960063677D /* Debug */ = {
			isa = XCBuildConfiguration;
			baseConfigurationReference = 6D299D636811CAE7BC7C716E /* Pods-E-LearningSystem.debug.xcconfig */;
			buildSettings = {
				ALWAYS_EMBED_SWIFT_STANDARD_LIBRARIES = YES;
				ASSETCATALOG_COMPILER_APPICON_NAME = AppIcon;
				CODE_SIGN_ENTITLEMENTS = "E-LearningSystem/E-LearningSystem.entitlements";
				"CODE_SIGN_IDENTITY[sdk=iphoneos*]" = "iPhone Developer";
				DEVELOPMENT_TEAM = 5K84G7UAYU;
				INFOPLIST_FILE = "E-LearningSystem/Info.plist";
				IPHONEOS_DEPLOYMENT_TARGET = 8.0;
				LD_RUNPATH_SEARCH_PATHS = "$(inherited) @executable_path/Frameworks";
				PRODUCT_BUNDLE_IDENTIFIER = "com.framgia.vietnam.E-LearningSystem";
				PRODUCT_NAME = "$(TARGET_NAME)";
				PROVISIONING_PROFILE = "";
				PROVISIONING_PROFILE_SPECIFIER = "";
				SWIFT_VERSION = 2.3;
			};
			name = Debug;
		};
		081DEFDE1DC974960063677D /* Release */ = {
			isa = XCBuildConfiguration;
			baseConfigurationReference = 9A60E76A9AB7351C7289852A /* Pods-E-LearningSystem.release.xcconfig */;
			buildSettings = {
				ALWAYS_EMBED_SWIFT_STANDARD_LIBRARIES = YES;
				ASSETCATALOG_COMPILER_APPICON_NAME = AppIcon;
				CODE_SIGN_ENTITLEMENTS = "E-LearningSystem/E-LearningSystem.entitlements";
				"CODE_SIGN_IDENTITY[sdk=iphoneos*]" = "iPhone Developer";
				DEVELOPMENT_TEAM = 5K84G7UAYU;
				INFOPLIST_FILE = "E-LearningSystem/Info.plist";
				IPHONEOS_DEPLOYMENT_TARGET = 8.0;
				LD_RUNPATH_SEARCH_PATHS = "$(inherited) @executable_path/Frameworks";
				PRODUCT_BUNDLE_IDENTIFIER = "com.framgia.vietnam.E-LearningSystem";
				PRODUCT_NAME = "$(TARGET_NAME)";
				SWIFT_VERSION = 2.3;
			};
			name = Release;
		};
/* End XCBuildConfiguration section */

/* Begin XCConfigurationList section */
		081DEFC51DC974960063677D /* Build configuration list for PBXProject "E-LearningSystem" */ = {
			isa = XCConfigurationList;
			buildConfigurations = (
				081DEFDA1DC974960063677D /* Debug */,
				081DEFDB1DC974960063677D /* Release */,
			);
			defaultConfigurationIsVisible = 0;
			defaultConfigurationName = Release;
		};
		081DEFDC1DC974960063677D /* Build configuration list for PBXNativeTarget "E-LearningSystem" */ = {
			isa = XCConfigurationList;
			buildConfigurations = (
				081DEFDD1DC974960063677D /* Debug */,
				081DEFDE1DC974960063677D /* Release */,
			);
			defaultConfigurationIsVisible = 0;
			defaultConfigurationName = Release;
		};
/* End XCConfigurationList section */
	};
	rootObject = 081DEFC21DC974960063677D /* Project object */;
}
